
Microsoft Visual Studio Solution File, Format Version 12.00
# Visual Studio 15
VisualStudioVersion = 15.0.27130.2020
MinimumVisualStudioVersion = 10.0.40219.1
Project("{FAE04EC0-301F-11D3-BF4B-00C04F79EFBC}") = "Mesai Takip", "Mesai Takip\Mesai Takip.csproj", "{CBA14F6C-9B1E-4873-9C2F-4DB74B34AF5D}"
EndProject
Global
	GlobalSection(SolutionConfigurationPlatforms) = preSolution
		Debug|Any CPU = Debug|Any CPU
		Release|Any CPU = Release|Any CPU
	EndGlobalSection
	GlobalSection(ProjectConfigurationPlatforms) = postSolution
		{CBA14F6C-9B1E-4873-9C2F-4DB74B34AF5D}.Debug|Any CPU.ActiveCfg = Debug|Any CPU
		{CBA14F6C-9B1E-4873-9C2F-4DB74B34AF5D}.Debug|Any CPU.Build.0 = Debug|Any CPU
		{CBA14F6C-9B1E-4873-9C2F-4DB74B34AF5D}.Release|Any CPU.ActiveCfg = Release|Any CPU
		{CBA14F6C-9B1E-4873-9C2F-4DB74B34AF5D}.Release|Any CPU.Build.0 = Release|Any CPU
	EndGlobalSection
	GlobalSection(SolutionProperties) = preSolution
		HideSolutionNode = FALSE
	EndGlobalSection
	GlobalSection(ExtensibilityGlobals) = postSolution
		SolutionGuid = {10FFDF5C-2AC4-45E2-A905-0B53D6926150}
	EndGlobalSection
EndGlobal
